
Microsoft Visual Studio Solution File, Format Version 11.00
# Visual Studio 2010
Project("{FAE04EC0-301F-11D3-BF4B-00C04F79EFBC}") = "UnityEngine.TestRunner", "UnityEngine.TestRunner.csproj", "{ad394e47-04bb-60fa-a69f-3528fad1961a}"
EndProject
Project("{FAE04EC0-301F-11D3-BF4B-00C04F79EFBC}") = "Unity.Timeline", "Unity.Timeline.csproj", "{d560628e-f947-4792-3187-1ea176ca4f72}"
EndProject
Project("{FAE04EC0-301F-11D3-BF4B-00C04F79EFBC}") = "Unity.TextMeshPro", "Unity.TextMeshPro.csproj", "{ef4d858f-abff-4be6-b413-4264fc7e23a4}"
EndProject
Project("{FAE04EC0-301F-11D3-BF4B-00C04F79EFBC}") = "Assembly-CSharp", "Assembly-CSharp.csproj", "{0af368e2-939b-dc67-155a-7ef10a9fe7ac}"
EndProject
Project("{FAE04EC0-301F-11D3-BF4B-00C04F79EFBC}") = "Assembly-CSharp-firstpass", "Assembly-CSharp-firstpass.csproj", "{beda66e7-6a77-99d6-4bfb-772d112d4c0c}"
EndProject
Project("{FAE04EC0-301F-11D3-BF4B-00C04F79EFBC}") = "UnityEditor.TestRunner", "UnityEditor.TestRunner.csproj", "{9d5d9202-a2f0-be5b-d7f3-88a6cb7056e0}"
EndProject
Project("{FAE04EC0-301F-11D3-BF4B-00C04F79EFBC}") = "Unity.PlasticSCM.Editor", "Unity.PlasticSCM.Editor.csproj", "{28249b94-93a8-af0d-901f-15aed32ce4e7}"
EndProject
Project("{FAE04EC0-301F-11D3-BF4B-00C04F79EFBC}") = "Unity.Services.Core.Editor", "Unity.Services.Core.Editor.csproj", "{daad0a23-4b9a-2925-b023-f266ca14794a}"
EndProject
Project("{FAE04EC0-301F-11D3-BF4B-00C04F79EFBC}") = "Unity.Timeline.Editor", "Unity.Timeline.Editor.csproj", "{aa5caa98-e740-8255-a209-3731ac2eb75d}"
EndProject
Project("{FAE04EC0-301F-11D3-BF4B-00C04F79EFBC}") = "Unity.VisualStudio.Editor", "Unity.VisualStudio.Editor.csproj", "{d38b922d-d703-e1f1-ea1b-bf1858a99481}"
EndProject
Project("{FAE04EC0-301F-11D3-BF4B-00C04F79EFBC}") = "Unity.TextMeshPro.Editor", "Unity.TextMeshPro.Editor.csproj", "{121f2406-ffdc-fa39-38bd-3c08ae6a025d}"
EndProject
Project("{FAE04EC0-301F-11D3-BF4B-00C04F79EFBC}") = "Unity.CollabProxy.Editor", "Unity.CollabProxy.Editor.csproj", "{6b7bf613-c86a-ea3b-afb1-6d5e595cdae1}"
EndProject
Project("{FAE04EC0-301F-11D3-BF4B-00C04F79EFBC}") = "Unity.Rider.Editor", "Unity.Rider.Editor.csproj", "{72120250-310d-9b5f-7735-858f6e862df5}"
EndProject
Project("{FAE04EC0-301F-11D3-BF4B-00C04F79EFBC}") = "Unity.VSCode.Editor", "Unity.VSCode.Editor.csproj", "{44b71b0c-d3cc-c7af-4e53-ecc39d1c2b21}"
EndProject
Global
	GlobalSection(SolutionConfigurationPlatforms) = preSolution
		Debug|Any CPU = Debug|Any CPU
	EndGlobalSection
	GlobalSection(ProjectConfigurationPlatforms) = postSolution
		{ad394e47-04bb-60fa-a69f-3528fad1961a}.Debug|Any CPU.ActiveCfg = Debug|Any CPU
		{ad394e47-04bb-60fa-a69f-3528fad1961a}.Debug|Any CPU.Build.0 = Debug|Any CPU
		{d560628e-f947-4792-3187-1ea176ca4f72}.Debug|Any CPU.ActiveCfg = Debug|Any CPU
		{d560628e-f947-4792-3187-1ea176ca4f72}.Debug|Any CPU.Build.0 = Debug|Any CPU
		{ef4d858f-abff-4be6-b413-4264fc7e23a4}.Debug|Any CPU.ActiveCfg = Debug|Any CPU
		{ef4d858f-abff-4be6-b413-4264fc7e23a4}.Debug|Any CPU.Build.0 = Debug|Any CPU
		{0af368e2-939b-dc67-155a-7ef10a9fe7ac}.Debug|Any CPU.ActiveCfg = Debug|Any CPU
		{0af368e2-939b-dc67-155a-7ef10a9fe7ac}.Debug|Any CPU.Build.0 = Debug|Any CPU
		{beda66e7-6a77-99d6-4bfb-772d112d4c0c}.Debug|Any CPU.ActiveCfg = Debug|Any CPU
		{beda66e7-6a77-99d6-4bfb-772d112d4c0c}.Debug|Any CPU.Build.0 = Debug|Any CPU
		{9d5d9202-a2f0-be5b-d7f3-88a6cb7056e0}.Debug|Any CPU.ActiveCfg = Debug|Any CPU
		{9d5d9202-a2f0-be5b-d7f3-88a6cb7056e0}.Debug|Any CPU.Build.0 = Debug|Any CPU
		{28249b94-93a8-af0d-901f-15aed32ce4e7}.Debug|Any CPU.ActiveCfg = Debug|Any CPU
		{28249b94-93a8-af0d-901f-15aed32ce4e7}.Debug|Any CPU.Build.0 = Debug|Any CPU
		{daad0a23-4b9a-2925-b023-f266ca14794a}.Debug|Any CPU.ActiveCfg = Debug|Any CPU
		{daad0a23-4b9a-2925-b023-f266ca14794a}.Debug|Any CPU.Build.0 = Debug|Any CPU
		{aa5caa98-e740-8255-a209-3731ac2eb75d}.Debug|Any CPU.ActiveCfg = Debug|Any CPU
		{aa5caa98-e740-8255-a209-3731ac2eb75d}.Debug|Any CPU.Build.0 = Debug|Any CPU
		{d38b922d-d703-e1f1-ea1b-bf1858a99481}.Debug|Any CPU.ActiveCfg = Debug|Any CPU
		{d38b922d-d703-e1f1-ea1b-bf1858a99481}.Debug|Any CPU.Build.0 = Debug|Any CPU
		{121f2406-ffdc-fa39-38bd-3c08ae6a025d}.Debug|Any CPU.ActiveCfg = Debug|Any CPU
		{121f2406-ffdc-fa39-38bd-3c08ae6a025d}.Debug|Any CPU.Build.0 = Debug|Any CPU
		{6b7bf613-c86a-ea3b-afb1-6d5e595cdae1}.Debug|Any CPU.ActiveCfg = Debug|Any CPU
		{6b7bf613-c86a-ea3b-afb1-6d5e595cdae1}.Debug|Any CPU.Build.0 = Debug|Any CPU
		{72120250-310d-9b5f-7735-858f6e862df5}.Debug|Any CPU.ActiveCfg = Debug|Any CPU
		{72120250-310d-9b5f-7735-858f6e862df5}.Debug|Any CPU.Build.0 = Debug|Any CPU
		{44b71b0c-d3cc-c7af-4e53-ecc39d1c2b21}.Debug|Any CPU.ActiveCfg = Debug|Any CPU
		{44b71b0c-d3cc-c7af-4e53-ecc39d1c2b21}.Debug|Any CPU.Build.0 = Debug|Any CPU
	EndGlobalSection
	GlobalSection(SolutionProperties) = preSolution
		HideSolutionNode = FALSE
	EndGlobalSection
EndGlobal
